// !$*UTF8*$!
{
	archiveVersion = 1;
	classes = {
	};
	objectVersion = 50;
	objects = {

/* Begin PBXBuildFile section */
		3FB6872D25EA68EA00883926 /* AppDelegate.swift in Sources */ = {isa = PBXBuildFile; fileRef = 3FB6872C25EA68EA00883926 /* AppDelegate.swift */; };
		3FB6872F25EA68EA00883926 /* SceneDelegate.swift in Sources */ = {isa = PBXBuildFile; fileRef = 3FB6872E25EA68EA00883926 /* SceneDelegate.swift */; };
		3FB6873125EA68EA00883926 /* ViewController.swift in Sources */ = {isa = PBXBuildFile; fileRef = 3FB6873025EA68EA00883926 /* ViewController.swift */; };
		3FB6873425EA68EA00883926 /* Main.storyboard in Resources */ = {isa = PBXBuildFile; fileRef = 3FB6873225EA68EA00883926 /* Main.storyboard */; };
		3FB6873625EA68EB00883926 /* Assets.xcassets in Resources */ = {isa = PBXBuildFile; fileRef = 3FB6873525EA68EB00883926 /* Assets.xcassets */; };
		3FB6873925EA68EB00883926 /* LaunchScreen.storyboard in Resources */ = {isa = PBXBuildFile; fileRef = 3FB6873725EA68EB00883926 /* LaunchScreen.storyboard */; };
		3FB6874425EA68EB00883926 /* MyAlbumTests.swift in Sources */ = {isa = PBXBuildFile; fileRef = 3FB6874325EA68EB00883926 /* MyAlbumTests.swift */; };
		3FB6874F25EA68EB00883926 /* MyAlbumUITests.swift in Sources */ = {isa = PBXBuildFile; fileRef = 3FB6874E25EA68EB00883926 /* MyAlbumUITests.swift */; };
/* End PBXBuildFile section */

/* Begin PBXContainerItemProxy section */
		3FB6874025EA68EB00883926 /* PBXContainerItemProxy */ = {
			isa = PBXContainerItemProxy;
			containerPortal = 3FB6872125EA68EA00883926 /* Project object */;
			proxyType = 1;
			remoteGlobalIDString = 3FB6872825EA68EA00883926;
			remoteInfo = MyAlbum;
		};
		3FB6874B25EA68EB00883926 /* PBXContainerItemProxy */ = {
			isa = PBXContainerItemProxy;
			containerPortal = 3FB6872125EA68EA00883926 /* Project object */;
			proxyType = 1;
			remoteGlobalIDString = 3FB6872825EA68EA00883926;
			remoteInfo = MyAlbum;
		};
/* End PBXContainerItemProxy section */

/* Begin PBXFileReference section */
		3FB6872925EA68EA00883926 /* MyAlbum.app */ = {isa = PBXFileReference; explicitFileType = wrapper.application; includeInIndex = 0; path = MyAlbum.app; sourceTree = BUILT_PRODUCTS_DIR; };
		3FB6872C25EA68EA00883926 /* AppDelegate.swift */ = {isa = PBXFileReference; lastKnownFileType = sourcecode.swift; path = AppDelegate.swift; sourceTree = "<group>"; };
		3FB6872E25EA68EA00883926 /* SceneDelegate.swift */ = {isa = PBXFileReference; lastKnownFileType = sourcecode.swift; path = SceneDelegate.swift; sourceTree = "<group>"; };
		3FB6873025EA68EA00883926 /* ViewController.swift */ = {isa = PBXFileReference; lastKnownFileType = sourcecode.swift; path = ViewController.swift; sourceTree = "<group>"; };
		3FB6873325EA68EA00883926 /* Base */ = {isa = PBXFileReference; lastKnownFileType = file.storyboard; name = Base; path = Base.lproj/Main.storyboard; sourceTree = "<group>"; };
		3FB6873525EA68EB00883926 /* Assets.xcassets */ = {isa = PBXFileReference; lastKnownFileType = folder.assetcatalog; path = Assets.xcassets; sourceTree = "<group>"; };
		3FB6873825EA68EB00883926 /* Base */ = {isa = PBXFileReference; lastKnownFileType = file.storyboard; name = Base; path = Base.lproj/LaunchScreen.storyboard; sourceTree = "<group>"; };
		3FB6873A25EA68EB00883926 /* Info.plist */ = {isa = PBXFileReference; lastKnownFileType = text.plist.xml; path = Info.plist; sourceTree = "<group>"; };
		3FB6873F25EA68EB00883926 /* MyAlbumTests.xctest */ = {isa = PBXFileReference; explicitFileType = wrapper.cfbundle; includeInIndex = 0; path = MyAlbumTests.xctest; sourceTree = BUILT_PRODUCTS_DIR; };
		3FB6874325EA68EB00883926 /* MyAlbumTests.swift */ = {isa = PBXFileReference; lastKnownFileType = sourcecode.swift; path = MyAlbumTests.swift; sourceTree = "<group>"; };
		3FB6874525EA68EB00883926 /* Info.plist */ = {isa = PBXFileReference; lastKnownFileType = text.plist.xml; path = Info.plist; sourceTree = "<group>"; };
		3FB6874A25EA68EB00883926 /* MyAlbumUITests.xctest */ = {isa = PBXFileReference; explicitFileType = wrapper.cfbundle; includeInIndex = 0; path = MyAlbumUITests.xctest; sourceTree = BUILT_PRODUCTS_DIR; };
		3FB6874E25EA68EB00883926 /* MyAlbumUITests.swift */ = {isa = PBXFileReference; lastKnownFileType = sourcecode.swift; path = MyAlbumUITests.swift; sourceTree = "<group>"; };
		3FB6875025EA68EB00883926 /* Info.plist */ = {isa = PBXFileReference; lastKnownFileType = text.plist.xml; path = Info.plist; sourceTree = "<group>"; };
/* End PBXFileReference section */

/* Begin PBXFrameworksBuildPhase section */
		3FB6872625EA68EA00883926 /* Frameworks */ = {
			isa = PBXFrameworksBuildPhase;
			buildActionMask = 2147483647;
			files = (
			);
			runOnlyForDeploymentPostprocessing = 0;
		};
		3FB6873C25EA68EB00883926 /* Frameworks */ = {
			isa = PBXFrameworksBuildPhase;
			buildActionMask = 2147483647;
			files = (
			);
			runOnlyForDeploymentPostprocessing = 0;
		};
		3FB6874725EA68EB00883926 /* Frameworks */ = {
			isa = PBXFrameworksBuildPhase;
			buildActionMask = 2147483647;
			files = (
			);
			runOnlyForDeploymentPostprocessing = 0;
		};
/* End PBXFrameworksBuildPhase section */

/* Begin PBXGroup section */
		3FB6872025EA68EA00883926 = {
			isa = PBXGroup;
			children = (
				3FB6872B25EA68EA00883926 /* MyAlbum */,
				3FB6874225EA68EB00883926 /* MyAlbumTests */,
				3FB6874D25EA68EB00883926 /* MyAlbumUITests */,
				3FB6872A25EA68EA00883926 /* Products */,
			);
			sourceTree = "<group>";
		};
		3FB6872A25EA68EA00883926 /* Products */ = {
			isa = PBXGroup;
			children = (
				3FB6872925EA68EA00883926 /* MyAlbum.app */,
				3FB6873F25EA68EB00883926 /* MyAlbumTests.xctest */,
				3FB6874A25EA68EB00883926 /* MyAlbumUITests.xctest */,
			);
			name = Products;
			sourceTree = "<group>";
		};
		3FB6872B25EA68EA00883926 /* MyAlbum */ = {
			isa = PBXGroup;
			children = (
				3FB6872C25EA68EA00883926 /* AppDelegate.swift */,
				3FB6872E25EA68EA00883926 /* SceneDelegate.swift */,
				3FB6873025EA68EA00883926 /* ViewController.swift */,
				3FB6873225EA68EA00883926 /* Main.storyboard */,
				3FB6873525EA68EB00883926 /* Assets.xcassets */,
				3FB6873725EA68EB00883926 /* LaunchScreen.storyboard */,
				3FB6873A25EA68EB00883926 /* Info.plist */,
			);
			path = MyAlbum;
			sourceTree = "<group>";
		};
		3FB6874225EA68EB00883926 /* MyAlbumTests */ = {
			isa = PBXGroup;
			children = (
				3FB6874325EA68EB00883926 /* MyAlbumTests.swift */,
				3FB6874525EA68EB00883926 /* Info.plist */,
			);
			path = MyAlbumTests;
			sourceTree = "<group>";
		};
		3FB6874D25EA68EB00883926 /* MyAlbumUITests */ = {
			isa = PBXGroup;
			children = (
				3FB6874E25EA68EB00883926 /* MyAlbumUITests.swift */,
				3FB6875025EA68EB00883926 /* Info.plist */,
			);
			path = MyAlbumUITests;
			sourceTree = "<group>";
		};
/* End PBXGroup section */

/* Begin PBXNativeTarget section */
		3FB6872825EA68EA00883926 /* MyAlbum */ = {
			isa = PBXNativeTarget;
			buildConfigurationList = 3FB6875325EA68EB00883926 /* Build configuration list for PBXNativeTarget "MyAlbum" */;
			buildPhases = (
				3FB6872525EA68EA00883926 /* Sources */,
				3FB6872625EA68EA00883926 /* Frameworks */,
				3FB6872725EA68EA00883926 /* Resources */,
			);
			buildRules = (
			);
			dependencies = (
			);
			name = MyAlbum;
			productName = MyAlbum;
			productReference = 3FB6872925EA68EA00883926 /* MyAlbum.app */;
			productType = "com.apple.product-type.application";
		};
		3FB6873E25EA68EB00883926 /* MyAlbumTests */ = {
			isa = PBXNativeTarget;
			buildConfigurationList = 3FB6875625EA68EB00883926 /* Build configuration list for PBXNativeTarget "MyAlbumTests" */;
			buildPhases = (
				3FB6873B25EA68EB00883926 /* Sources */,
				3FB6873C25EA68EB00883926 /* Frameworks */,
				3FB6873D25EA68EB00883926 /* Resources */,
			);
			buildRules = (
			);
			dependencies = (
				3FB6874125EA68EB00883926 /* PBXTargetDependency */,
			);
			name = MyAlbumTests;
			productName = MyAlbumTests;
			productReference = 3FB6873F25EA68EB00883926 /* MyAlbumTests.xctest */;
			productType = "com.apple.product-type.bundle.unit-test";
		};
		3FB6874925EA68EB00883926 /* MyAlbumUITests */ = {
			isa = PBXNativeTarget;
			buildConfigurationList = 3FB6875925EA68EB00883926 /* Build configuration list for PBXNativeTarget "MyAlbumUITests" */;
			buildPhases = (
				3FB6874625EA68EB00883926 /* Sources */,
				3FB6874725EA68EB00883926 /* Frameworks */,
				3FB6874825EA68EB00883926 /* Resources */,
			);
			buildRules = (
			);
			dependencies = (
				3FB6874C25EA68EB00883926 /* PBXTargetDependency */,
			);
			name = MyAlbumUITests;
			productName = MyAlbumUITests;
			productReference = 3FB6874A25EA68EB00883926 /* MyAlbumUITests.xctest */;
			productType = "com.apple.product-type.bundle.ui-testing";
		};
/* End PBXNativeTarget section */

/* Begin PBXProject section */
		3FB6872125EA68EA00883926 /* Project object */ = {
			isa = PBXProject;
			attributes = {
				LastSwiftUpdateCheck = 1240;
				LastUpgradeCheck = 1240;
				TargetAttributes = {
					3FB6872825EA68EA00883926 = {
						CreatedOnToolsVersion = 12.4;
					};
					3FB6873E25EA68EB00883926 = {
						CreatedOnToolsVersion = 12.4;
						TestTargetID = 3FB6872825EA68EA00883926;
					};
					3FB6874925EA68EB00883926 = {
						CreatedOnToolsVersion = 12.4;
						TestTargetID = 3FB6872825EA68EA00883926;
					};
				};
			};
			buildConfigurationList = 3FB6872425EA68EA00883926 /* Build configuration list for PBXProject "MyAlbum" */;
			compatibilityVersion = "Xcode 9.3";
			developmentRegion = en;
			hasScannedForEncodings = 0;
			knownRegions = (
				en,
				Base,
			);
			mainGroup = 3FB6872025EA68EA00883926;
			productRefGroup = 3FB6872A25EA68EA00883926 /* Products */;
			projectDirPath = "";
			projectRoot = "";
			targets = (
				3FB6872825EA68EA00883926 /* MyAlbum */,
				3FB6873E25EA68EB00883926 /* MyAlbumTests */,
				3FB6874925EA68EB00883926 /* MyAlbumUITests */,
			);
		};
/* End PBXProject section */

/* Begin PBXResourcesBuildPhase section */
		3FB6872725EA68EA00883926 /* Resources */ = {
			isa = PBXResourcesBuildPhase;
			buildActionMask = 2147483647;
			files = (
				3FB6873925EA68EB00883926 /* LaunchScreen.storyboard in Resources */,
				3FB6873625EA68EB00883926 /* Assets.xcassets in Resources */,
				3FB6873425EA68EA00883926 /* Main.storyboard in Resources */,
			);
			runOnlyForDeploymentPostprocessing = 0;
		};
		3FB6873D25EA68EB00883926 /* Resources */ = {
			isa = PBXResourcesBuildPhase;
			buildActionMask = 2147483647;
			files = (
			);
			runOnlyForDeploymentPostprocessing = 0;
		};
		3FB6874825EA68EB00883926 /* Resources */ = {
			isa = PBXResourcesBuildPhase;
			buildActionMask = 2147483647;
			files = (
			);
			runOnlyForDeploymentPostprocessing = 0;
		};
/* End PBXResourcesBuildPhase section */

/* Begin PBXSourcesBuildPhase section */
		3FB6872525EA68EA00883926 /* Sources */ = {
			isa = PBXSourcesBuildPhase;
			buildActionMask = 2147483647;
			files = (
				3FB6873125EA68EA00883926 /* ViewController.swift in Sources */,
				3FB6872D25EA68EA00883926 /* AppDelegate.swift in Sources */,
				3FB6872F25EA68EA00883926 /* SceneDelegate.swift in Sources */,
			);
			runOnlyForDeploymentPostprocessing = 0;
		};
		3FB6873B25EA68EB00883926 /* Sources */ = {
			isa = PBXSourcesBuildPhase;
			buildActionMask = 2147483647;
			files = (
				3FB6874425EA68EB00883926 /* MyAlbumTests.swift in Sources */,
			);
			runOnlyForDeploymentPostprocessing = 0;
		};
		3FB6874625EA68EB00883926 /* Sources */ = {
			isa = PBXSourcesBuildPhase;
			buildActionMask = 2147483647;
			files = (
				3FB6874F25EA68EB00883926 /* MyAlbumUITests.swift in Sources */,
			);
			runOnlyForDeploymentPostprocessing = 0;
		};
/* End PBXSourcesBuildPhase section */

/* Begin PBXTargetDependency section */
		3FB6874125EA68EB00883926 /* PBXTargetDependency */ = {
			isa = PBXTargetDependency;
			target = 3FB6872825EA68EA00883926 /* MyAlbum */;
			targetProxy = 3FB6874025EA68EB00883926 /* PBXContainerItemProxy */;
		};
		3FB6874C25EA68EB00883926 /* PBXTargetDependency */ = {
			isa = PBXTargetDependency;
			target = 3FB6872825EA68EA00883926 /* MyAlbum */;
			targetProxy = 3FB6874B25EA68EB00883926 /* PBXContainerItemProxy */;
		};
/* End PBXTargetDependency section */

/* Begin PBXVariantGroup section */
		3FB6873225EA68EA00883926 /* Main.storyboard */ = {
			isa = PBXVariantGroup;
			children = (
				3FB6873325EA68EA00883926 /* Base */,
			);
			name = Main.storyboard;
			sourceTree = "<group>";
		};
		3FB6873725EA68EB00883926 /* LaunchScreen.storyboard */ = {
			isa = PBXVariantGroup;
			children = (
				3FB6873825EA68EB00883926 /* Base */,
			);
			name = LaunchScreen.storyboard;
			sourceTree = "<group>";
		};
/* End PBXVariantGroup section */

/* Begin XCBuildConfiguration section */
		3FB6875125EA68EB00883926 /* Debug */ = {
			isa = XCBuildConfiguration;
			buildSettings = {
				ALWAYS_SEARCH_USER_PATHS = NO;
				CLANG_ANALYZER_NONNULL = YES;
				CLANG_ANALYZER_NUMBER_OBJECT_CONVERSION = YES_AGGRESSIVE;
				CLANG_CXX_LANGUAGE_STANDARD = "gnu++14";
				CLANG_CXX_LIBRARY = "libc++";
				CLANG_ENABLE_MODULES = YES;
				CLANG_ENABLE_OBJC_ARC = YES;
				CLANG_ENABLE_OBJC_WEAK = YES;
				CLANG_WARN_BLOCK_CAPTURE_AUTORELEASING = YES;
				CLANG_WARN_BOOL_CONVERSION = YES;
				CLANG_WARN_COMMA = YES;
				CLANG_WARN_CONSTANT_CONVERSION = YES;
				CLANG_WARN_DEPRECATED_OBJC_IMPLEMENTATIONS = YES;
				CLANG_WARN_DIRECT_OBJC_ISA_USAGE = YES_ERROR;
				CLANG_WARN_DOCUMENTATION_COMMENTS = YES;
				CLANG_WARN_EMPTY_BODY = YES;
				CLANG_WARN_ENUM_CONVERSION = YES;
				CLANG_WARN_INFINITE_RECURSION = YES;
				CLANG_WARN_INT_CONVERSION = YES;
				CLANG_WARN_NON_LITERAL_NULL_CONVERSION = YES;
				CLANG_WARN_OBJC_IMPLICIT_RETAIN_SELF = YES;
				CLANG_WARN_OBJC_LITERAL_CONVERSION = YES;
				CLANG_WARN_OBJC_ROOT_CLASS = YES_ERROR;
				CLANG_WARN_QUOTED_INCLUDE_IN_FRAMEWORK_HEADER = YES;
				CLANG_WARN_RANGE_LOOP_ANALYSIS = YES;
				CLANG_WARN_STRICT_PROTOTYPES = YES;
				CLANG_WARN_SUSPICIOUS_MOVE = YES;
				CLANG_WARN_UNGUARDED_AVAILABILITY = YES_AGGRESSIVE;
				CLANG_WARN_UNREACHABLE_CODE = YES;
				CLANG_WARN__DUPLICATE_METHOD_MATCH = YES;
				COPY_PHASE_STRIP = NO;
				DEBUG_INFORMATION_FORMAT = dwarf;
				ENABLE_STRICT_OBJC_MSGSEND = YES;
				ENABLE_TESTABILITY = YES;
				GCC_C_LANGUAGE_STANDARD = gnu11;
				GCC_DYNAMIC_NO_PIC = NO;
				GCC_NO_COMMON_BLOCKS = YES;
				GCC_OPTIMIZATION_LEVEL = 0;
				GCC_PREPROCESSOR_DEFINITIONS = (
					"DEBUG=1",
					"$(inherited)",
				);
				GCC_WARN_64_TO_32_BIT_CONVERSION = YES;
				GCC_WARN_ABOUT_RETURN_TYPE = YES_ERROR;
				GCC_WARN_UNDECLARED_SELECTOR = YES;
				GCC_WARN_UNINITIALIZED_AUTOS = YES_AGGRESSIVE;
				GCC_WARN_UNUSED_FUNCTION = YES;
				GCC_WARN_UNUSED_VARIABLE = YES;
				IPHONEOS_DEPLOYMENT_TARGET = 14.4;
				MTL_ENABLE_DEBUG_INFO = INCLUDE_SOURCE;
				MTL_FAST_MATH = YES;
				ONLY_ACTIVE_ARCH = YES;
				SDKROOT = iphoneos;
				SWIFT_ACTIVE_COMPILATION_CONDITIONS = DEBUG;
				SWIFT_OPTIMIZATION_LEVEL = "-Onone";
			};
			name = Debug;
		};
		3FB6875225EA68EB00883926 /* Release */ = {
			isa = XCBuildConfiguration;
			buildSettings = {
				ALWAYS_SEARCH_USER_PATHS = NO;
				CLANG_ANALYZER_NONNULL = YES;
				CLANG_ANALYZER_NUMBER_OBJECT_CONVERSION = YES_AGGRESSIVE;
				CLANG_CXX_LANGUAGE_STANDARD = "gnu++14";
				CLANG_CXX_LIBRARY = "libc++";
				CLANG_ENABLE_MODULES = YES;
				CLANG_ENABLE_OBJC_ARC = YES;
				CLANG_ENABLE_OBJC_WEAK = YES;
				CLANG_WARN_BLOCK_CAPTURE_AUTORELEASING = YES;
				CLANG_WARN_BOOL_CONVERSION = YES;
				CLANG_WARN_COMMA = YES;
				CLANG_WARN_CONSTANT_CONVERSION = YES;
				CLANG_WARN_DEPRECATED_OBJC_IMPLEMENTATIONS = YES;
				CLANG_WARN_DIRECT_OBJC_ISA_USAGE = YES_ERROR;
				CLANG_WARN_DOCUMENTATION_COMMENTS = YES;
				CLANG_WARN_EMPTY_BODY = YES;
				CLANG_WARN_ENUM_CONVERSION = YES;
				CLANG_WARN_INFINITE_RECURSION = YES;
				CLANG_WARN_INT_CONVERSION = YES;
				CLANG_WARN_NON_LITERAL_NULL_CONVERSION = YES;
				CLANG_WARN_OBJC_IMPLICIT_RETAIN_SELF = YES;
				CLANG_WARN_OBJC_LITERAL_CONVERSION = YES;
				CLANG_WARN_OBJC_ROOT_CLASS = YES_ERROR;
				CLANG_WARN_QUOTED_INCLUDE_IN_FRAMEWORK_HEADER = YES;
				CLANG_WARN_RANGE_LOOP_ANALYSIS = YES;
				CLANG_WARN_STRICT_PROTOTYPES = YES;
				CLANG_WARN_SUSPICIOUS_MOVE = YES;
				CLANG_WARN_UNGUARDED_AVAILABILITY = YES_AGGRESSIVE;
				CLANG_WARN_UNREACHABLE_CODE = YES;
				CLANG_WARN__DUPLICATE_METHOD_MATCH = YES;
				COPY_PHASE_STRIP = NO;
				DEBUG_INFORMATION_FORMAT = "dwarf-with-dsym";
				ENABLE_NS_ASSERTIONS = NO;
				ENABLE_STRICT_OBJC_MSGSEND = YES;
				GCC_C_LANGUAGE_STANDARD = gnu11;
				GCC_NO_COMMON_BLOCKS = YES;
				GCC_WARN_64_TO_32_BIT_CONVERSION = YES;
				GCC_WARN_ABOUT_RETURN_TYPE = YES_ERROR;
				GCC_WARN_UNDECLARED_SELECTOR = YES;
				GCC_WARN_UNINITIALIZED_AUTOS = YES_AGGRESSIVE;
				GCC_WARN_UNUSED_FUNCTION = YES;
				GCC_WARN_UNUSED_VARIABLE = YES;
				IPHONEOS_DEPLOYMENT_TARGET = 14.4;
				MTL_ENABLE_DEBUG_INFO = NO;
				MTL_FAST_MATH = YES;
				SDKROOT = iphoneos;
				SWIFT_COMPILATION_MODE = wholemodule;
				SWIFT_OPTIMIZATION_LEVEL = "-O";
				VALIDATE_PRODUCT = YES;
			};
			name = Release;
		};
		3FB6875425EA68EB00883926 /* Debug */ = {
			isa = XCBuildConfiguration;
			buildSettings = {
				ASSETCATALOG_COMPILER_APPICON_NAME = AppIcon;
				ASSETCATALOG_COMPILER_GLOBAL_ACCENT_COLOR_NAME = AccentColor;
				CODE_SIGN_STYLE = Automatic;
				INFOPLIST_FILE = MyAlbum/Info.plist;
				LD_RUNPATH_SEARCH_PATHS = (
					"$(inherited)",
					"@executable_path/Frameworks",
				);
				PRODUCT_BUNDLE_IDENTIFIER = "---------.MyAlbum";
				PRODUCT_NAME = "$(TARGET_NAME)";
				SWIFT_VERSION = 5.0;
				TARGETED_DEVICE_FAMILY = "1,2";
			};
			name = Debug;
		};
		3FB6875525EA68EB00883926 /* Release */ = {
			isa = XCBuildConfiguration;
			buildSettings = {
				ASSETCATALOG_COMPILER_APPICON_NAME = AppIcon;
				ASSETCATALOG_COMPILER_GLOBAL_ACCENT_COLOR_NAME = AccentColor;
				CODE_SIGN_STYLE = Automatic;
				INFOPLIST_FILE = MyAlbum/Info.plist;
				LD_RUNPATH_SEARCH_PATHS = (
					"$(inherited)",
					"@executable_path/Frameworks",
				);
				PRODUCT_BUNDLE_IDENTIFIER = "---------.MyAlbum";
				PRODUCT_NAME = "$(TARGET_NAME)";
				SWIFT_VERSION = 5.0;
				TARGETED_DEVICE_FAMILY = "1,2";
			};
			name = Release;
		};
		3FB6875725EA68EB00883926 /* Debug */ = {
			isa = XCBuildConfiguration;
			buildSettings = {
				ALWAYS_EMBED_SWIFT_STANDARD_LIBRARIES = YES;
				BUNDLE_LOADER = "$(TEST_HOST)";
				CODE_SIGN_STYLE = Automatic;
				INFOPLIST_FILE = MyAlbumTests/Info.plist;
				IPHONEOS_DEPLOYMENT_TARGET = 14.4;
				LD_RUNPATH_SEARCH_PATHS = (
					"$(inherited)",
					"@executable_path/Frameworks",
					"@loader_path/Frameworks",
				);
				PRODUCT_BUNDLE_IDENTIFIER = "---------.MyAlbumTests";
				PRODUCT_NAME = "$(TARGET_NAME)";
				SWIFT_VERSION = 5.0;
				TARGETED_DEVICE_FAMILY = "1,2";
				TEST_HOST = "$(BUILT_PRODUCTS_DIR)/MyAlbum.app/MyAlbum";
			};
			name = Debug;
		};
		3FB6875825EA68EB00883926 /* Release */ = {
			isa = XCBuildConfiguration;
			buildSettings = {
				ALWAYS_EMBED_SWIFT_STANDARD_LIBRARIES = YES;
				BUNDLE_LOADER = "$(TEST_HOST)";
				CODE_SIGN_STYLE = Automatic;
				INFOPLIST_FILE = MyAlbumTests/Info.plist;
				IPHONEOS_DEPLOYMENT_TARGET = 14.4;
				LD_RUNPATH_SEARCH_PATHS = (
					"$(inherited)",
					"@executable_path/Frameworks",
					"@loader_path/Frameworks",
				);
				PRODUCT_BUNDLE_IDENTIFIER = "---------.MyAlbumTests";
				PRODUCT_NAME = "$(TARGET_NAME)";
				SWIFT_VERSION = 5.0;
				TARGETED_DEVICE_FAMILY = "1,2";
				TEST_HOST = "$(BUILT_PRODUCTS_DIR)/MyAlbum.app/MyAlbum";
			};
			name = Release;
		};
		3FB6875A25EA68EB00883926 /* Debug */ = {
			isa = XCBuildConfiguration;
			buildSettings = {
				ALWAYS_EMBED_SWIFT_STANDARD_LIBRARIES = YES;
				CODE_SIGN_STYLE = Automatic;
				INFOPLIST_FILE = MyAlbumUITests/Info.plist;
				LD_RUNPATH_SEARCH_PATHS = (
					"$(inherited)",
					"@executable_path/Frameworks",
					"@loader_path/Frameworks",
				);
				PRODUCT_BUNDLE_IDENTIFIER = "---------.MyAlbumUITests";
				PRODUCT_NAME = "$(TARGET_NAME)";
				SWIFT_VERSION = 5.0;
				TARGETED_DEVICE_FAMILY = "1,2";
				TEST_TARGET_NAME = MyAlbum;
			};
			name = Debug;
		};
		3FB6875B25EA68EB00883926 /* Release */ = {
			isa = XCBuildConfiguration;
			buildSettings = {
				ALWAYS_EMBED_SWIFT_STANDARD_LIBRARIES = YES;
				CODE_SIGN_STYLE = Automatic;
				INFOPLIST_FILE = MyAlbumUITests/Info.plist;
				LD_RUNPATH_SEARCH_PATHS = (
					"$(inherited)",
					"@executable_path/Frameworks",
					"@loader_path/Frameworks",
				);
				PRODUCT_BUNDLE_IDENTIFIER = "---------.MyAlbumUITests";
				PRODUCT_NAME = "$(TARGET_NAME)";
				SWIFT_VERSION = 5.0;
				TARGETED_DEVICE_FAMILY = "1,2";
				TEST_TARGET_NAME = MyAlbum;
			};
			name = Release;
		};
/* End XCBuildConfiguration section */

/* Begin XCConfigurationList section */
		3FB6872425EA68EA00883926 /* Build configuration list for PBXProject "MyAlbum" */ = {
			isa = XCConfigurationList;
			buildConfigurations = (
				3FB6875125EA68EB00883926 /* Debug */,
				3FB6875225EA68EB00883926 /* Release */,
			);
			defaultConfigurationIsVisible = 0;
			defaultConfigurationName = Release;
		};
		3FB6875325EA68EB00883926 /* Build configuration list for PBXNativeTarget "MyAlbum" */ = {
			isa = XCConfigurationList;
			buildConfigurations = (
				3FB6875425EA68EB00883926 /* Debug */,
				3FB6875525EA68EB00883926 /* Release */,
			);
			defaultConfigurationIsVisible = 0;
			defaultConfigurationName = Release;
		};
		3FB6875625EA68EB00883926 /* Build configuration list for PBXNativeTarget "MyAlbumTests" */ = {
			isa = XCConfigurationList;
			buildConfigurations = (
				3FB6875725EA68EB00883926 /* Debug */,
				3FB6875825EA68EB00883926 /* Release */,
			);
			defaultConfigurationIsVisible = 0;
			defaultConfigurationName = Release;
		};
		3FB6875925EA68EB00883926 /* Build configuration list for PBXNativeTarget "MyAlbumUITests" */ = {
			isa = XCConfigurationList;
			buildConfigurations = (
				3FB6875A25EA68EB00883926 /* Debug */,
				3FB6875B25EA68EB00883926 /* Release */,
			);
			defaultConfigurationIsVisible = 0;
			defaultConfigurationName = Release;
		};
/* End XCConfigurationList section */
	};
	rootObject = 3FB6872125EA68EA00883926 /* Project object */;
}
