// !$*UTF8*$!
{
	archiveVersion = 1;
	classes = {
	};
	objectVersion = 50;
	objects = {

/* Begin PBXBuildFile section */
		3FC4971725EF731B00384749 /* AppDelegate.swift in Sources */ = {isa = PBXBuildFile; fileRef = 3FC4971625EF731B00384749 /* AppDelegate.swift */; };
		3FC4971925EF731B00384749 /* SceneDelegate.swift in Sources */ = {isa = PBXBuildFile; fileRef = 3FC4971825EF731B00384749 /* SceneDelegate.swift */; };
		3FC4971E25EF731B00384749 /* Main.storyboard in Resources */ = {isa = PBXBuildFile; fileRef = 3FC4971C25EF731B00384749 /* Main.storyboard */; };
		3FC4972025EF731C00384749 /* Assets.xcassets in Resources */ = {isa = PBXBuildFile; fileRef = 3FC4971F25EF731C00384749 /* Assets.xcassets */; };
		3FC4972325EF731C00384749 /* LaunchScreen.storyboard in Resources */ = {isa = PBXBuildFile; fileRef = 3FC4972125EF731C00384749 /* LaunchScreen.storyboard */; };
		3FC4972E25EF731C00384749 /* BountyListTests.swift in Sources */ = {isa = PBXBuildFile; fileRef = 3FC4972D25EF731C00384749 /* BountyListTests.swift */; };
		3FC4973925EF731C00384749 /* BountyListUITests.swift in Sources */ = {isa = PBXBuildFile; fileRef = 3FC4973825EF731C00384749 /* BountyListUITests.swift */; };
		3FC4974D25EF7EB500384749 /* BountyViewController.swift in Sources */ = {isa = PBXBuildFile; fileRef = 3FC4974C25EF7EB500384749 /* BountyViewController.swift */; };
		3FC4975225EF9FD200384749 /* DetailViewController.swift in Sources */ = {isa = PBXBuildFile; fileRef = 3FC4975125EF9FD200384749 /* DetailViewController.swift */; };
		3FE35D7925F2772800E015FA /* BountyInfo.swift in Sources */ = {isa = PBXBuildFile; fileRef = 3FE35D7825F2772800E015FA /* BountyInfo.swift */; };
/* End PBXBuildFile section */

/* Begin PBXContainerItemProxy section */
		3FC4972A25EF731C00384749 /* PBXContainerItemProxy */ = {
			isa = PBXContainerItemProxy;
			containerPortal = 3FC4970B25EF731B00384749 /* Project object */;
			proxyType = 1;
			remoteGlobalIDString = 3FC4971225EF731B00384749;
			remoteInfo = BountyList;
		};
		3FC4973525EF731C00384749 /* PBXContainerItemProxy */ = {
			isa = PBXContainerItemProxy;
			containerPortal = 3FC4970B25EF731B00384749 /* Project object */;
			proxyType = 1;
			remoteGlobalIDString = 3FC4971225EF731B00384749;
			remoteInfo = BountyList;
		};
/* End PBXContainerItemProxy section */

/* Begin PBXFileReference section */
		3FC4971325EF731B00384749 /* BountyList.app */ = {isa = PBXFileReference; explicitFileType = wrapper.application; includeInIndex = 0; path = BountyList.app; sourceTree = BUILT_PRODUCTS_DIR; };
		3FC4971625EF731B00384749 /* AppDelegate.swift */ = {isa = PBXFileReference; lastKnownFileType = sourcecode.swift; path = AppDelegate.swift; sourceTree = "<group>"; };
		3FC4971825EF731B00384749 /* SceneDelegate.swift */ = {isa = PBXFileReference; lastKnownFileType = sourcecode.swift; path = SceneDelegate.swift; sourceTree = "<group>"; };
		3FC4971D25EF731B00384749 /* Base */ = {isa = PBXFileReference; lastKnownFileType = file.storyboard; name = Base; path = Base.lproj/Main.storyboard; sourceTree = "<group>"; };
		3FC4971F25EF731C00384749 /* Assets.xcassets */ = {isa = PBXFileReference; lastKnownFileType = folder.assetcatalog; path = Assets.xcassets; sourceTree = "<group>"; };
		3FC4972225EF731C00384749 /* Base */ = {isa = PBXFileReference; lastKnownFileType = file.storyboard; name = Base; path = Base.lproj/LaunchScreen.storyboard; sourceTree = "<group>"; };
		3FC4972425EF731C00384749 /* Info.plist */ = {isa = PBXFileReference; lastKnownFileType = text.plist.xml; path = Info.plist; sourceTree = "<group>"; };
		3FC4972925EF731C00384749 /* BountyListTests.xctest */ = {isa = PBXFileReference; explicitFileType = wrapper.cfbundle; includeInIndex = 0; path = BountyListTests.xctest; sourceTree = BUILT_PRODUCTS_DIR; };
		3FC4972D25EF731C00384749 /* BountyListTests.swift */ = {isa = PBXFileReference; lastKnownFileType = sourcecode.swift; path = BountyListTests.swift; sourceTree = "<group>"; };
		3FC4972F25EF731C00384749 /* Info.plist */ = {isa = PBXFileReference; lastKnownFileType = text.plist.xml; path = Info.plist; sourceTree = "<group>"; };
		3FC4973425EF731C00384749 /* BountyListUITests.xctest */ = {isa = PBXFileReference; explicitFileType = wrapper.cfbundle; includeInIndex = 0; path = BountyListUITests.xctest; sourceTree = BUILT_PRODUCTS_DIR; };
		3FC4973825EF731C00384749 /* BountyListUITests.swift */ = {isa = PBXFileReference; lastKnownFileType = sourcecode.swift; path = BountyListUITests.swift; sourceTree = "<group>"; };
		3FC4973A25EF731C00384749 /* Info.plist */ = {isa = PBXFileReference; lastKnownFileType = text.plist.xml; path = Info.plist; sourceTree = "<group>"; };
		3FC4974C25EF7EB500384749 /* BountyViewController.swift */ = {isa = PBXFileReference; lastKnownFileType = sourcecode.swift; path = BountyViewController.swift; sourceTree = "<group>"; };
		3FC4975125EF9FD200384749 /* DetailViewController.swift */ = {isa = PBXFileReference; lastKnownFileType = sourcecode.swift; path = DetailViewController.swift; sourceTree = "<group>"; };
		3FE35D7825F2772800E015FA /* BountyInfo.swift */ = {isa = PBXFileReference; lastKnownFileType = sourcecode.swift; path = BountyInfo.swift; sourceTree = "<group>"; };
/* End PBXFileReference section */

/* Begin PBXFrameworksBuildPhase section */
		3FC4971025EF731B00384749 /* Frameworks */ = {
			isa = PBXFrameworksBuildPhase;
			buildActionMask = 2147483647;
			files = (
			);
			runOnlyForDeploymentPostprocessing = 0;
		};
		3FC4972625EF731C00384749 /* Frameworks */ = {
			isa = PBXFrameworksBuildPhase;
			buildActionMask = 2147483647;
			files = (
			);
			runOnlyForDeploymentPostprocessing = 0;
		};
		3FC4973125EF731C00384749 /* Frameworks */ = {
			isa = PBXFrameworksBuildPhase;
			buildActionMask = 2147483647;
			files = (
			);
			runOnlyForDeploymentPostprocessing = 0;
		};
/* End PBXFrameworksBuildPhase section */

/* Begin PBXGroup section */
		3FC4970A25EF731B00384749 = {
			isa = PBXGroup;
			children = (
				3FE35D7825F2772800E015FA /* BountyInfo.swift */,
				3FC4971525EF731B00384749 /* BountyList */,
				3FC4972C25EF731C00384749 /* BountyListTests */,
				3FC4973725EF731C00384749 /* BountyListUITests */,
				3FC4971425EF731B00384749 /* Products */,
			);
			sourceTree = "<group>";
		};
		3FC4971425EF731B00384749 /* Products */ = {
			isa = PBXGroup;
			children = (
				3FC4971325EF731B00384749 /* BountyList.app */,
				3FC4972925EF731C00384749 /* BountyListTests.xctest */,
				3FC4973425EF731C00384749 /* BountyListUITests.xctest */,
			);
			name = Products;
			sourceTree = "<group>";
		};
		3FC4971525EF731B00384749 /* BountyList */ = {
			isa = PBXGroup;
			children = (
				3FC4971625EF731B00384749 /* AppDelegate.swift */,
				3FC4971825EF731B00384749 /* SceneDelegate.swift */,
				3FC4971C25EF731B00384749 /* Main.storyboard */,
				3FC4971F25EF731C00384749 /* Assets.xcassets */,
				3FC4972125EF731C00384749 /* LaunchScreen.storyboard */,
				3FC4972425EF731C00384749 /* Info.plist */,
				3FC4974C25EF7EB500384749 /* BountyViewController.swift */,
				3FC4975125EF9FD200384749 /* DetailViewController.swift */,
			);
			path = BountyList;
			sourceTree = "<group>";
		};
		3FC4972C25EF731C00384749 /* BountyListTests */ = {
			isa = PBXGroup;
			children = (
				3FC4972D25EF731C00384749 /* BountyListTests.swift */,
				3FC4972F25EF731C00384749 /* Info.plist */,
			);
			path = BountyListTests;
			sourceTree = "<group>";
		};
		3FC4973725EF731C00384749 /* BountyListUITests */ = {
			isa = PBXGroup;
			children = (
				3FC4973825EF731C00384749 /* BountyListUITests.swift */,
				3FC4973A25EF731C00384749 /* Info.plist */,
			);
			path = BountyListUITests;
			sourceTree = "<group>";
		};
/* End PBXGroup section */

/* Begin PBXNativeTarget section */
		3FC4971225EF731B00384749 /* BountyList */ = {
			isa = PBXNativeTarget;
			buildConfigurationList = 3FC4973D25EF731C00384749 /* Build configuration list for PBXNativeTarget "BountyList" */;
			buildPhases = (
				3FC4970F25EF731B00384749 /* Sources */,
				3FC4971025EF731B00384749 /* Frameworks */,
				3FC4971125EF731B00384749 /* Resources */,
			);
			buildRules = (
			);
			dependencies = (
			);
			name = BountyList;
			productName = BountyList;
			productReference = 3FC4971325EF731B00384749 /* BountyList.app */;
			productType = "com.apple.product-type.application";
		};
		3FC4972825EF731C00384749 /* BountyListTests */ = {
			isa = PBXNativeTarget;
			buildConfigurationList = 3FC4974025EF731C00384749 /* Build configuration list for PBXNativeTarget "BountyListTests" */;
			buildPhases = (
				3FC4972525EF731C00384749 /* Sources */,
				3FC4972625EF731C00384749 /* Frameworks */,
				3FC4972725EF731C00384749 /* Resources */,
			);
			buildRules = (
			);
			dependencies = (
				3FC4972B25EF731C00384749 /* PBXTargetDependency */,
			);
			name = BountyListTests;
			productName = BountyListTests;
			productReference = 3FC4972925EF731C00384749 /* BountyListTests.xctest */;
			productType = "com.apple.product-type.bundle.unit-test";
		};
		3FC4973325EF731C00384749 /* BountyListUITests */ = {
			isa = PBXNativeTarget;
			buildConfigurationList = 3FC4974325EF731C00384749 /* Build configuration list for PBXNativeTarget "BountyListUITests" */;
			buildPhases = (
				3FC4973025EF731C00384749 /* Sources */,
				3FC4973125EF731C00384749 /* Frameworks */,
				3FC4973225EF731C00384749 /* Resources */,
			);
			buildRules = (
			);
			dependencies = (
				3FC4973625EF731C00384749 /* PBXTargetDependency */,
			);
			name = BountyListUITests;
			productName = BountyListUITests;
			productReference = 3FC4973425EF731C00384749 /* BountyListUITests.xctest */;
			productType = "com.apple.product-type.bundle.ui-testing";
		};
/* End PBXNativeTarget section */

/* Begin PBXProject section */
		3FC4970B25EF731B00384749 /* Project object */ = {
			isa = PBXProject;
			attributes = {
				LastSwiftUpdateCheck = 1240;
				LastUpgradeCheck = 1240;
				TargetAttributes = {
					3FC4971225EF731B00384749 = {
						CreatedOnToolsVersion = 12.4;
					};
					3FC4972825EF731C00384749 = {
						CreatedOnToolsVersion = 12.4;
						TestTargetID = 3FC4971225EF731B00384749;
					};
					3FC4973325EF731C00384749 = {
						CreatedOnToolsVersion = 12.4;
						TestTargetID = 3FC4971225EF731B00384749;
					};
				};
			};
			buildConfigurationList = 3FC4970E25EF731B00384749 /* Build configuration list for PBXProject "BountyList" */;
			compatibilityVersion = "Xcode 9.3";
			developmentRegion = en;
			hasScannedForEncodings = 0;
			knownRegions = (
				en,
				Base,
			);
			mainGroup = 3FC4970A25EF731B00384749;
			productRefGroup = 3FC4971425EF731B00384749 /* Products */;
			projectDirPath = "";
			projectRoot = "";
			targets = (
				3FC4971225EF731B00384749 /* BountyList */,
				3FC4972825EF731C00384749 /* BountyListTests */,
				3FC4973325EF731C00384749 /* BountyListUITests */,
			);
		};
/* End PBXProject section */

/* Begin PBXResourcesBuildPhase section */
		3FC4971125EF731B00384749 /* Resources */ = {
			isa = PBXResourcesBuildPhase;
			buildActionMask = 2147483647;
			files = (
				3FC4972325EF731C00384749 /* LaunchScreen.storyboard in Resources */,
				3FC4972025EF731C00384749 /* Assets.xcassets in Resources */,
				3FC4971E25EF731B00384749 /* Main.storyboard in Resources */,
			);
			runOnlyForDeploymentPostprocessing = 0;
		};
		3FC4972725EF731C00384749 /* Resources */ = {
			isa = PBXResourcesBuildPhase;
			buildActionMask = 2147483647;
			files = (
			);
			runOnlyForDeploymentPostprocessing = 0;
		};
		3FC4973225EF731C00384749 /* Resources */ = {
			isa = PBXResourcesBuildPhase;
			buildActionMask = 2147483647;
			files = (
			);
			runOnlyForDeploymentPostprocessing = 0;
		};
/* End PBXResourcesBuildPhase section */

/* Begin PBXSourcesBuildPhase section */
		3FC4970F25EF731B00384749 /* Sources */ = {
			isa = PBXSourcesBuildPhase;
			buildActionMask = 2147483647;
			files = (
				3FE35D7925F2772800E015FA /* BountyInfo.swift in Sources */,
				3FC4971725EF731B00384749 /* AppDelegate.swift in Sources */,
				3FC4974D25EF7EB500384749 /* BountyViewController.swift in Sources */,
				3FC4971925EF731B00384749 /* SceneDelegate.swift in Sources */,
				3FC4975225EF9FD200384749 /* DetailViewController.swift in Sources */,
			);
			runOnlyForDeploymentPostprocessing = 0;
		};
		3FC4972525EF731C00384749 /* Sources */ = {
			isa = PBXSourcesBuildPhase;
			buildActionMask = 2147483647;
			files = (
				3FC4972E25EF731C00384749 /* BountyListTests.swift in Sources */,
			);
			runOnlyForDeploymentPostprocessing = 0;
		};
		3FC4973025EF731C00384749 /* Sources */ = {
			isa = PBXSourcesBuildPhase;
			buildActionMask = 2147483647;
			files = (
				3FC4973925EF731C00384749 /* BountyListUITests.swift in Sources */,
			);
			runOnlyForDeploymentPostprocessing = 0;
		};
/* End PBXSourcesBuildPhase section */

/* Begin PBXTargetDependency section */
		3FC4972B25EF731C00384749 /* PBXTargetDependency */ = {
			isa = PBXTargetDependency;
			target = 3FC4971225EF731B00384749 /* BountyList */;
			targetProxy = 3FC4972A25EF731C00384749 /* PBXContainerItemProxy */;
		};
		3FC4973625EF731C00384749 /* PBXTargetDependency */ = {
			isa = PBXTargetDependency;
			target = 3FC4971225EF731B00384749 /* BountyList */;
			targetProxy = 3FC4973525EF731C00384749 /* PBXContainerItemProxy */;
		};
/* End PBXTargetDependency section */

/* Begin PBXVariantGroup section */
		3FC4971C25EF731B00384749 /* Main.storyboard */ = {
			isa = PBXVariantGroup;
			children = (
				3FC4971D25EF731B00384749 /* Base */,
			);
			name = Main.storyboard;
			sourceTree = "<group>";
		};
		3FC4972125EF731C00384749 /* LaunchScreen.storyboard */ = {
			isa = PBXVariantGroup;
			children = (
				3FC4972225EF731C00384749 /* Base */,
			);
			name = LaunchScreen.storyboard;
			sourceTree = "<group>";
		};
/* End PBXVariantGroup section */

/* Begin XCBuildConfiguration section */
		3FC4973B25EF731C00384749 /* Debug */ = {
			isa = XCBuildConfiguration;
			buildSettings = {
				ALWAYS_SEARCH_USER_PATHS = NO;
				CLANG_ANALYZER_NONNULL = YES;
				CLANG_ANALYZER_NUMBER_OBJECT_CONVERSION = YES_AGGRESSIVE;
				CLANG_CXX_LANGUAGE_STANDARD = "gnu++14";
				CLANG_CXX_LIBRARY = "libc++";
				CLANG_ENABLE_MODULES = YES;
				CLANG_ENABLE_OBJC_ARC = YES;
				CLANG_ENABLE_OBJC_WEAK = YES;
				CLANG_WARN_BLOCK_CAPTURE_AUTORELEASING = YES;
				CLANG_WARN_BOOL_CONVERSION = YES;
				CLANG_WARN_COMMA = YES;
				CLANG_WARN_CONSTANT_CONVERSION = YES;
				CLANG_WARN_DEPRECATED_OBJC_IMPLEMENTATIONS = YES;
				CLANG_WARN_DIRECT_OBJC_ISA_USAGE = YES_ERROR;
				CLANG_WARN_DOCUMENTATION_COMMENTS = YES;
				CLANG_WARN_EMPTY_BODY = YES;
				CLANG_WARN_ENUM_CONVERSION = YES;
				CLANG_WARN_INFINITE_RECURSION = YES;
				CLANG_WARN_INT_CONVERSION = YES;
				CLANG_WARN_NON_LITERAL_NULL_CONVERSION = YES;
				CLANG_WARN_OBJC_IMPLICIT_RETAIN_SELF = YES;
				CLANG_WARN_OBJC_LITERAL_CONVERSION = YES;
				CLANG_WARN_OBJC_ROOT_CLASS = YES_ERROR;
				CLANG_WARN_QUOTED_INCLUDE_IN_FRAMEWORK_HEADER = YES;
				CLANG_WARN_RANGE_LOOP_ANALYSIS = YES;
				CLANG_WARN_STRICT_PROTOTYPES = YES;
				CLANG_WARN_SUSPICIOUS_MOVE = YES;
				CLANG_WARN_UNGUARDED_AVAILABILITY = YES_AGGRESSIVE;
				CLANG_WARN_UNREACHABLE_CODE = YES;
				CLANG_WARN__DUPLICATE_METHOD_MATCH = YES;
				COPY_PHASE_STRIP = NO;
				DEBUG_INFORMATION_FORMAT = dwarf;
				ENABLE_STRICT_OBJC_MSGSEND = YES;
				ENABLE_TESTABILITY = YES;
				GCC_C_LANGUAGE_STANDARD = gnu11;
				GCC_DYNAMIC_NO_PIC = NO;
				GCC_NO_COMMON_BLOCKS = YES;
				GCC_OPTIMIZATION_LEVEL = 0;
				GCC_PREPROCESSOR_DEFINITIONS = (
					"DEBUG=1",
					"$(inherited)",
				);
				GCC_WARN_64_TO_32_BIT_CONVERSION = YES;
				GCC_WARN_ABOUT_RETURN_TYPE = YES_ERROR;
				GCC_WARN_UNDECLARED_SELECTOR = YES;
				GCC_WARN_UNINITIALIZED_AUTOS = YES_AGGRESSIVE;
				GCC_WARN_UNUSED_FUNCTION = YES;
				GCC_WARN_UNUSED_VARIABLE = YES;
				IPHONEOS_DEPLOYMENT_TARGET = 14.4;
				MTL_ENABLE_DEBUG_INFO = INCLUDE_SOURCE;
				MTL_FAST_MATH = YES;
				ONLY_ACTIVE_ARCH = YES;
				SDKROOT = iphoneos;
				SWIFT_ACTIVE_COMPILATION_CONDITIONS = DEBUG;
				SWIFT_OPTIMIZATION_LEVEL = "-Onone";
			};
			name = Debug;
		};
		3FC4973C25EF731C00384749 /* Release */ = {
			isa = XCBuildConfiguration;
			buildSettings = {
				ALWAYS_SEARCH_USER_PATHS = NO;
				CLANG_ANALYZER_NONNULL = YES;
				CLANG_ANALYZER_NUMBER_OBJECT_CONVERSION = YES_AGGRESSIVE;
				CLANG_CXX_LANGUAGE_STANDARD = "gnu++14";
				CLANG_CXX_LIBRARY = "libc++";
				CLANG_ENABLE_MODULES = YES;
				CLANG_ENABLE_OBJC_ARC = YES;
				CLANG_ENABLE_OBJC_WEAK = YES;
				CLANG_WARN_BLOCK_CAPTURE_AUTORELEASING = YES;
				CLANG_WARN_BOOL_CONVERSION = YES;
				CLANG_WARN_COMMA = YES;
				CLANG_WARN_CONSTANT_CONVERSION = YES;
				CLANG_WARN_DEPRECATED_OBJC_IMPLEMENTATIONS = YES;
				CLANG_WARN_DIRECT_OBJC_ISA_USAGE = YES_ERROR;
				CLANG_WARN_DOCUMENTATION_COMMENTS = YES;
				CLANG_WARN_EMPTY_BODY = YES;
				CLANG_WARN_ENUM_CONVERSION = YES;
				CLANG_WARN_INFINITE_RECURSION = YES;
				CLANG_WARN_INT_CONVERSION = YES;
				CLANG_WARN_NON_LITERAL_NULL_CONVERSION = YES;
				CLANG_WARN_OBJC_IMPLICIT_RETAIN_SELF = YES;
				CLANG_WARN_OBJC_LITERAL_CONVERSION = YES;
				CLANG_WARN_OBJC_ROOT_CLASS = YES_ERROR;
				CLANG_WARN_QUOTED_INCLUDE_IN_FRAMEWORK_HEADER = YES;
				CLANG_WARN_RANGE_LOOP_ANALYSIS = YES;
				CLANG_WARN_STRICT_PROTOTYPES = YES;
				CLANG_WARN_SUSPICIOUS_MOVE = YES;
				CLANG_WARN_UNGUARDED_AVAILABILITY = YES_AGGRESSIVE;
				CLANG_WARN_UNREACHABLE_CODE = YES;
				CLANG_WARN__DUPLICATE_METHOD_MATCH = YES;
				COPY_PHASE_STRIP = NO;
				DEBUG_INFORMATION_FORMAT = "dwarf-with-dsym";
				ENABLE_NS_ASSERTIONS = NO;
				ENABLE_STRICT_OBJC_MSGSEND = YES;
				GCC_C_LANGUAGE_STANDARD = gnu11;
				GCC_NO_COMMON_BLOCKS = YES;
				GCC_WARN_64_TO_32_BIT_CONVERSION = YES;
				GCC_WARN_ABOUT_RETURN_TYPE = YES_ERROR;
				GCC_WARN_UNDECLARED_SELECTOR = YES;
				GCC_WARN_UNINITIALIZED_AUTOS = YES_AGGRESSIVE;
				GCC_WARN_UNUSED_FUNCTION = YES;
				GCC_WARN_UNUSED_VARIABLE = YES;
				IPHONEOS_DEPLOYMENT_TARGET = 14.4;
				MTL_ENABLE_DEBUG_INFO = NO;
				MTL_FAST_MATH = YES;
				SDKROOT = iphoneos;
				SWIFT_COMPILATION_MODE = wholemodule;
				SWIFT_OPTIMIZATION_LEVEL = "-O";
				VALIDATE_PRODUCT = YES;
			};
			name = Release;
		};
		3FC4973E25EF731C00384749 /* Debug */ = {
			isa = XCBuildConfiguration;
			buildSettings = {
				ASSETCATALOG_COMPILER_APPICON_NAME = AppIcon;
				ASSETCATALOG_COMPILER_GLOBAL_ACCENT_COLOR_NAME = AccentColor;
				CODE_SIGN_STYLE = Automatic;
				INFOPLIST_FILE = BountyList/Info.plist;
				LD_RUNPATH_SEARCH_PATHS = (
					"$(inherited)",
					"@executable_path/Frameworks",
				);
				PRODUCT_BUNDLE_IDENTIFIER = "---------.BountyList";
				PRODUCT_NAME = "$(TARGET_NAME)";
				SWIFT_VERSION = 5.0;
				TARGETED_DEVICE_FAMILY = "1,2";
			};
			name = Debug;
		};
		3FC4973F25EF731C00384749 /* Release */ = {
			isa = XCBuildConfiguration;
			buildSettings = {
				ASSETCATALOG_COMPILER_APPICON_NAME = AppIcon;
				ASSETCATALOG_COMPILER_GLOBAL_ACCENT_COLOR_NAME = AccentColor;
				CODE_SIGN_STYLE = Automatic;
				INFOPLIST_FILE = BountyList/Info.plist;
				LD_RUNPATH_SEARCH_PATHS = (
					"$(inherited)",
					"@executable_path/Frameworks",
				);
				PRODUCT_BUNDLE_IDENTIFIER = "---------.BountyList";
				PRODUCT_NAME = "$(TARGET_NAME)";
				SWIFT_VERSION = 5.0;
				TARGETED_DEVICE_FAMILY = "1,2";
			};
			name = Release;
		};
		3FC4974125EF731C00384749 /* Debug */ = {
			isa = XCBuildConfiguration;
			buildSettings = {
				ALWAYS_EMBED_SWIFT_STANDARD_LIBRARIES = YES;
				BUNDLE_LOADER = "$(TEST_HOST)";
				CODE_SIGN_STYLE = Automatic;
				INFOPLIST_FILE = BountyListTests/Info.plist;
				IPHONEOS_DEPLOYMENT_TARGET = 14.4;
				LD_RUNPATH_SEARCH_PATHS = (
					"$(inherited)",
					"@executable_path/Frameworks",
					"@loader_path/Frameworks",
				);
				PRODUCT_BUNDLE_IDENTIFIER = "---------.BountyListTests";
				PRODUCT_NAME = "$(TARGET_NAME)";
				SWIFT_VERSION = 5.0;
				TARGETED_DEVICE_FAMILY = "1,2";
				TEST_HOST = "$(BUILT_PRODUCTS_DIR)/BountyList.app/BountyList";
			};
			name = Debug;
		};
		3FC4974225EF731C00384749 /* Release */ = {
			isa = XCBuildConfiguration;
			buildSettings = {
				ALWAYS_EMBED_SWIFT_STANDARD_LIBRARIES = YES;
				BUNDLE_LOADER = "$(TEST_HOST)";
				CODE_SIGN_STYLE = Automatic;
				INFOPLIST_FILE = BountyListTests/Info.plist;
				IPHONEOS_DEPLOYMENT_TARGET = 14.4;
				LD_RUNPATH_SEARCH_PATHS = (
					"$(inherited)",
					"@executable_path/Frameworks",
					"@loader_path/Frameworks",
				);
				PRODUCT_BUNDLE_IDENTIFIER = "---------.BountyListTests";
				PRODUCT_NAME = "$(TARGET_NAME)";
				SWIFT_VERSION = 5.0;
				TARGETED_DEVICE_FAMILY = "1,2";
				TEST_HOST = "$(BUILT_PRODUCTS_DIR)/BountyList.app/BountyList";
			};
			name = Release;
		};
		3FC4974425EF731C00384749 /* Debug */ = {
			isa = XCBuildConfiguration;
			buildSettings = {
				ALWAYS_EMBED_SWIFT_STANDARD_LIBRARIES = YES;
				CODE_SIGN_STYLE = Automatic;
				INFOPLIST_FILE = BountyListUITests/Info.plist;
				LD_RUNPATH_SEARCH_PATHS = (
					"$(inherited)",
					"@executable_path/Frameworks",
					"@loader_path/Frameworks",
				);
				PRODUCT_BUNDLE_IDENTIFIER = "---------.BountyListUITests";
				PRODUCT_NAME = "$(TARGET_NAME)";
				SWIFT_VERSION = 5.0;
				TARGETED_DEVICE_FAMILY = "1,2";
				TEST_TARGET_NAME = BountyList;
			};
			name = Debug;
		};
		3FC4974525EF731C00384749 /* Release */ = {
			isa = XCBuildConfiguration;
			buildSettings = {
				ALWAYS_EMBED_SWIFT_STANDARD_LIBRARIES = YES;
				CODE_SIGN_STYLE = Automatic;
				INFOPLIST_FILE = BountyListUITests/Info.plist;
				LD_RUNPATH_SEARCH_PATHS = (
					"$(inherited)",
					"@executable_path/Frameworks",
					"@loader_path/Frameworks",
				);
				PRODUCT_BUNDLE_IDENTIFIER = "---------.BountyListUITests";
				PRODUCT_NAME = "$(TARGET_NAME)";
				SWIFT_VERSION = 5.0;
				TARGETED_DEVICE_FAMILY = "1,2";
				TEST_TARGET_NAME = BountyList;
			};
			name = Release;
		};
/* End XCBuildConfiguration section */

/* Begin XCConfigurationList section */
		3FC4970E25EF731B00384749 /* Build configuration list for PBXProject "BountyList" */ = {
			isa = XCConfigurationList;
			buildConfigurations = (
				3FC4973B25EF731C00384749 /* Debug */,
				3FC4973C25EF731C00384749 /* Release */,
			);
			defaultConfigurationIsVisible = 0;
			defaultConfigurationName = Release;
		};
		3FC4973D25EF731C00384749 /* Build configuration list for PBXNativeTarget "BountyList" */ = {
			isa = XCConfigurationList;
			buildConfigurations = (
				3FC4973E25EF731C00384749 /* Debug */,
				3FC4973F25EF731C00384749 /* Release */,
			);
			defaultConfigurationIsVisible = 0;
			defaultConfigurationName = Release;
		};
		3FC4974025EF731C00384749 /* Build configuration list for PBXNativeTarget "BountyListTests" */ = {
			isa = XCConfigurationList;
			buildConfigurations = (
				3FC4974125EF731C00384749 /* Debug */,
				3FC4974225EF731C00384749 /* Release */,
			);
			defaultConfigurationIsVisible = 0;
			defaultConfigurationName = Release;
		};
		3FC4974325EF731C00384749 /* Build configuration list for PBXNativeTarget "BountyListUITests" */ = {
			isa = XCConfigurationList;
			buildConfigurations = (
				3FC4974425EF731C00384749 /* Debug */,
				3FC4974525EF731C00384749 /* Release */,
			);
			defaultConfigurationIsVisible = 0;
			defaultConfigurationName = Release;
		};
/* End XCConfigurationList section */
	};
	rootObject = 3FC4970B25EF731B00384749 /* Project object */;
}
